Microsoft Visual Studio Solution File, Format Version 12.00
# Visual Studio Version 17
VisualStudioVersion = 17.5.2.0
MinimumVisualStudioVersion = 10.0.40219.1
Project("{2150E333-8FDC-42A3-9474-1A3956D46DE8}") = "Plugins", "Plugins", "{07D57EEB-2F50-60C4-C011-FE4FA775C9A8}"
EndProject
Project("{2150E333-8FDC-42A3-9474-1A3956D46DE8}") = "source", "source", "{E9E9F160-9948-0C96-6D6B-9987E402802A}"
EndProject
Project("{FAE04EC0-301F-11D3-BF4B-00C04F79EFBC}") = "HLstatsZ", "Plugins\source\HLstatsZ\HLstatsZ.csproj", "{2BB4560B-0FBF-29BB-4F94-CEEEE3C2A57D}"
EndProject
Global
	GlobalSection(SolutionConfigurationPlatforms) = preSolution
		Debug|Any CPU = Debug|Any CPU
		Release|Any CPU = Release|Any CPU
	EndGlobalSection
	GlobalSection(ProjectConfigurationPlatforms) = postSolution
		{2BB4560B-0FBF-29BB-4F94-CEEEE3C2A57D}.Debug|Any CPU.ActiveCfg = Debug|Any CPU
		{2BB4560B-0FBF-29BB-4F94-CEEEE3C2A57D}.Debug|Any CPU.Build.0 = Debug|Any CPU
		{2BB4560B-0FBF-29BB-4F94-CEEEE3C2A57D}.Release|Any CPU.ActiveCfg = Release|Any CPU
		{2BB4560B-0FBF-29BB-4F94-CEEEE3C2A57D}.Release|Any CPU.Build.0 = Release|Any CPU
	EndGlobalSection
	GlobalSection(SolutionProperties) = preSolution
		HideSolutionNode = FALSE
	EndGlobalSection
	GlobalSection(NestedProjects) = preSolution
		{E9E9F160-9948-0C96-6D6B-9987E402802A} = {07D57EEB-2F50-60C4-C011-FE4FA775C9A8}
		{2BB4560B-0FBF-29BB-4F94-CEEEE3C2A57D} = {E9E9F160-9948-0C96-6D6B-9987E402802A}
	EndGlobalSection
	GlobalSection(ExtensibilityGlobals) = postSolution
		SolutionGuid = {01A7F763-AA7E-4FA9-9828-821FC9671440}
	EndGlobalSection
EndGlobal
